
Microsoft Visual Studio Solution File, Format Version 12.00
# Visual Studio Version 17
VisualStudioVersion = 17.2.32630.192
MinimumVisualStudioVersion = 10.0.40219.1
Project("{9A19103F-16F7-4668-BE54-9A1E7A4F7556}") = "R5T.R0014.Construction", "R5T.R0014.Construction\R5T.R0014.Construction.csproj", "{BE9A5CFF-230C-4DFA-8E4F-8F864B84EA32}"
EndProject
Project("{9A19103F-16F7-4668-BE54-9A1E7A4F7556}") = "R5T.R0014", "R5T.R0014\R5T.R0014.csproj", "{3F73C2C2-2DD8-46FB-87BA-2137817DD26F}"
EndProject
Project("{2150E333-8FDC-42A3-9474-1A3956D46DE8}") = "_Dependencies", "_Dependencies", "{75525791-D829-442F-9CAD-BBDC4C42075C}"
EndProject
Project("{9A19103F-16F7-4668-BE54-9A1E7A4F7556}") = "R5T.T0143", "..\..\R5T.T0143\source\R5T.T0143\R5T.T0143.csproj", "{F70B8EDB-2B39-45CE-BC90-20E0FCFFDA7C}"
EndProject
Project("{9A19103F-16F7-4668-BE54-9A1E7A4F7556}") = "R5T.T0154", "..\..\R5T.T0154\source\R5T.T0154\R5T.T0154.csproj", "{3A78C58B-6830-4F16-A470-A30AE50EE6A3}"
EndProject
Global
	GlobalSection(NestedProjects) = preSolution
		{F70B8EDB-2B39-45CE-BC90-20E0FCFFDA7C} = {75525791-D829-442F-9CAD-BBDC4C42075C}
		{3A78C58B-6830-4F16-A470-A30AE50EE6A3} = {75525791-D829-442F-9CAD-BBDC4C42075C}
	EndGlobalSection
	GlobalSection(SolutionConfigurationPlatforms) = preSolution
		Debug|Any CPU = Debug|Any CPU
		Release|Any CPU = Release|Any CPU
	EndGlobalSection
	GlobalSection(ProjectConfigurationPlatforms) = postSolution
		{BE9A5CFF-230C-4DFA-8E4F-8F864B84EA32}.Debug|Any CPU.ActiveCfg = Debug|Any CPU
		{BE9A5CFF-230C-4DFA-8E4F-8F864B84EA32}.Debug|Any CPU.Build.0 = Debug|Any CPU
		{BE9A5CFF-230C-4DFA-8E4F-8F864B84EA32}.Release|Any CPU.ActiveCfg = Release|Any CPU
		{BE9A5CFF-230C-4DFA-8E4F-8F864B84EA32}.Release|Any CPU.Build.0 = Release|Any CPU
		{3F73C2C2-2DD8-46FB-87BA-2137817DD26F}.Debug|Any CPU.ActiveCfg = Debug|Any CPU
		{3F73C2C2-2DD8-46FB-87BA-2137817DD26F}.Debug|Any CPU.Build.0 = Debug|Any CPU
		{3F73C2C2-2DD8-46FB-87BA-2137817DD26F}.Release|Any CPU.ActiveCfg = Release|Any CPU
		{3F73C2C2-2DD8-46FB-87BA-2137817DD26F}.Release|Any CPU.Build.0 = Release|Any CPU
		{F70B8EDB-2B39-45CE-BC90-20E0FCFFDA7C}.Debug|Any CPU.ActiveCfg = Debug|Any CPU
		{F70B8EDB-2B39-45CE-BC90-20E0FCFFDA7C}.Debug|Any CPU.Build.0 = Debug|Any CPU
		{F70B8EDB-2B39-45CE-BC90-20E0FCFFDA7C}.Release|Any CPU.ActiveCfg = Release|Any CPU
		{F70B8EDB-2B39-45CE-BC90-20E0FCFFDA7C}.Release|Any CPU.Build.0 = Release|Any CPU
		{3A78C58B-6830-4F16-A470-A30AE50EE6A3}.Debug|Any CPU.ActiveCfg = Debug|Any CPU
		{3A78C58B-6830-4F16-A470-A30AE50EE6A3}.Debug|Any CPU.Build.0 = Debug|Any CPU
		{3A78C58B-6830-4F16-A470-A30AE50EE6A3}.Release|Any CPU.ActiveCfg = Release|Any CPU
		{3A78C58B-6830-4F16-A470-A30AE50EE6A3}.Release|Any CPU.Build.0 = Release|Any CPU
	EndGlobalSection
	GlobalSection(SolutionProperties) = preSolution
		HideSolutionNode = FALSE
	EndGlobalSection
	GlobalSection(ExtensibilityGlobals) = postSolution
		SolutionGuid = {1B053EDE-9FE6-4B35-899E-97721E0D6B2B}
	EndGlobalSection
EndGlobal
